
Microsoft Visual Studio Solution File, Format Version 12.00
# Visual Studio Version 16
VisualStudioVersion = 16.0.29519.87
MinimumVisualStudioVersion = 10.0.40219.1
Project("{FAE04EC0-301F-11D3-BF4B-00C04F79EFBC}") = "Algoritms", "src\Algoritms\Algoritms.csproj", "{0A6BB646-18C7-4D7B-841D-B5540CB35A04}"
EndProject
Project("{FAE04EC0-301F-11D3-BF4B-00C04F79EFBC}") = "Test", "src\Test\Test.csproj", "{D793791F-631A-4CCC-A10A-EF28FB26663C}"
EndProject
Global
	GlobalSection(SolutionConfigurationPlatforms) = preSolution
		Debug|Any CPU = Debug|Any CPU
		Release|Any CPU = Release|Any CPU
	EndGlobalSection
	GlobalSection(ProjectConfigurationPlatforms) = postSolution
		{0A6BB646-18C7-4D7B-841D-B5540CB35A04}.Debug|Any CPU.ActiveCfg = Debug|Any CPU
		{0A6BB646-18C7-4D7B-841D-B5540CB35A04}.Debug|Any CPU.Build.0 = Debug|Any CPU
		{0A6BB646-18C7-4D7B-841D-B5540CB35A04}.Release|Any CPU.ActiveCfg = Release|Any CPU
		{0A6BB646-18C7-4D7B-841D-B5540CB35A04}.Release|Any CPU.Build.0 = Release|Any CPU
		{D793791F-631A-4CCC-A10A-EF28FB26663C}.Debug|Any CPU.ActiveCfg = Debug|Any CPU
		{D793791F-631A-4CCC-A10A-EF28FB26663C}.Debug|Any CPU.Build.0 = Debug|Any CPU
		{D793791F-631A-4CCC-A10A-EF28FB26663C}.Release|Any CPU.ActiveCfg = Release|Any CPU
		{D793791F-631A-4CCC-A10A-EF28FB26663C}.Release|Any CPU.Build.0 = Release|Any CPU
	EndGlobalSection
	GlobalSection(SolutionProperties) = preSolution
		HideSolutionNode = FALSE
	EndGlobalSection
	GlobalSection(NestedProjects) = preSolution
	EndGlobalSection
	GlobalSection(ExtensibilityGlobals) = postSolution
		SolutionGuid = {9A6494AD-A21B-412B-AAEE-FF2877D6AE17}
	EndGlobalSection
EndGlobal
